// !$*UTF8*$!
{
	archiveVersion = 1;
	classes = {
	};
	objectVersion = 50;
	objects = {

/* Begin PBXBuildFile section */
		004E15F5247552DF00D43E71 /* AppDelegate.swift in Sources */ = {isa = PBXBuildFile; fileRef = 004E15F4247552DF00D43E71 /* AppDelegate.swift */; };
		004E15F7247552DF00D43E71 /* SceneDelegate.swift in Sources */ = {isa = PBXBuildFile; fileRef = 004E15F6247552DF00D43E71 /* SceneDelegate.swift */; };
		004E15FC247552DF00D43E71 /* Main.storyboard in Resources */ = {isa = PBXBuildFile; fileRef = 004E15FA247552DF00D43E71 /* Main.storyboard */; };
		004E15FE247552F600D43E71 /* Assets.xcassets in Resources */ = {isa = PBXBuildFile; fileRef = 004E15FD247552F600D43E71 /* Assets.xcassets */; };
		004E1601247552F600D43E71 /* LaunchScreen.storyboard in Resources */ = {isa = PBXBuildFile; fileRef = 004E15FF247552F600D43E71 /* LaunchScreen.storyboard */; };
		004E160A2475535D00D43E71 /* NavigationMenuVC.swift in Sources */ = {isa = PBXBuildFile; fileRef = 004E16092475535D00D43E71 /* NavigationMenuVC.swift */; };
		004E1610247553C100D43E71 /* MenuBarTabsView.swift in Sources */ = {isa = PBXBuildFile; fileRef = 004E160F247553C100D43E71 /* MenuBarTabsView.swift */; };
		004E1612247553CF00D43E71 /* ReuseIdentifier.swift in Sources */ = {isa = PBXBuildFile; fileRef = 004E1611247553CF00D43E71 /* ReuseIdentifier.swift */; };
		004E1614247553DB00D43E71 /* Utility.swift in Sources */ = {isa = PBXBuildFile; fileRef = 004E1613247553DB00D43E71 /* Utility.swift */; };
		004E1616247553EA00D43E71 /* BasicCollectionViewCell.swift in Sources */ = {isa = PBXBuildFile; fileRef = 004E1615247553EA00D43E71 /* BasicCollectionViewCell.swift */; };
		004E16192475540100D43E71 /* NavMenuPageControllerVC.swift in Sources */ = {isa = PBXBuildFile; fileRef = 004E16182475540100D43E71 /* NavMenuPageControllerVC.swift */; };
		004E161B2475540B00D43E71 /* NavMenuContentVC.swift in Sources */ = {isa = PBXBuildFile; fileRef = 004E161A2475540B00D43E71 /* NavMenuContentVC.swift */; };
/* End PBXBuildFile section */

/* Begin PBXFileReference section */
		004E15F1247552DF00D43E71 /* NavigationMenuTabs.app */ = {isa = PBXFileReference; explicitFileType = wrapper.application; includeInIndex = 0; path = NavigationMenuTabs.app; sourceTree = BUILT_PRODUCTS_DIR; };
		004E15F4247552DF00D43E71 /* AppDelegate.swift */ = {isa = PBXFileReference; lastKnownFileType = sourcecode.swift; path = AppDelegate.swift; sourceTree = "<group>"; };
		004E15F6247552DF00D43E71 /* SceneDelegate.swift */ = {isa = PBXFileReference; lastKnownFileType = sourcecode.swift; path = SceneDelegate.swift; sourceTree = "<group>"; };
		004E15FB247552DF00D43E71 /* Base */ = {isa = PBXFileReference; lastKnownFileType = file.storyboard; name = Base; path = Base.lproj/Main.storyboard; sourceTree = "<group>"; };
		004E15FD247552F600D43E71 /* Assets.xcassets */ = {isa = PBXFileReference; lastKnownFileType = folder.assetcatalog; path = Assets.xcassets; sourceTree = "<group>"; };
		004E1600247552F600D43E71 /* Base */ = {isa = PBXFileReference; lastKnownFileType = file.storyboard; name = Base; path = Base.lproj/LaunchScreen.storyboard; sourceTree = "<group>"; };
		004E1602247552F600D43E71 /* Info.plist */ = {isa = PBXFileReference; lastKnownFileType = text.plist.xml; path = Info.plist; sourceTree = "<group>"; };
		004E16092475535D00D43E71 /* NavigationMenuVC.swift */ = {isa = PBXFileReference; lastKnownFileType = sourcecode.swift; path = NavigationMenuVC.swift; sourceTree = "<group>"; };
		004E160F247553C100D43E71 /* MenuBarTabsView.swift */ = {isa = PBXFileReference; fileEncoding = 4; lastKnownFileType = sourcecode.swift; path = MenuBarTabsView.swift; sourceTree = "<group>"; };
		004E1611247553CF00D43E71 /* ReuseIdentifier.swift */ = {isa = PBXFileReference; fileEncoding = 4; lastKnownFileType = sourcecode.swift; path = ReuseIdentifier.swift; sourceTree = "<group>"; };
		004E1613247553DB00D43E71 /* Utility.swift */ = {isa = PBXFileReference; fileEncoding = 4; lastKnownFileType = sourcecode.swift; path = Utility.swift; sourceTree = "<group>"; };
		004E1615247553EA00D43E71 /* BasicCollectionViewCell.swift */ = {isa = PBXFileReference; fileEncoding = 4; lastKnownFileType = sourcecode.swift; path = BasicCollectionViewCell.swift; sourceTree = "<group>"; };
		004E16182475540100D43E71 /* NavMenuPageControllerVC.swift */ = {isa = PBXFileReference; fileEncoding = 4; lastKnownFileType = sourcecode.swift; path = NavMenuPageControllerVC.swift; sourceTree = "<group>"; };
		004E161A2475540B00D43E71 /* NavMenuContentVC.swift */ = {isa = PBXFileReference; fileEncoding = 4; lastKnownFileType = sourcecode.swift; path = NavMenuContentVC.swift; sourceTree = "<group>"; };
/* End PBXFileReference section */

/* Begin PBXFrameworksBuildPhase section */
		004E15EE247552DF00D43E71 /* Frameworks */ = {
			isa = PBXFrameworksBuildPhase;
			buildActionMask = 2147483647;
			files = (
			);
			runOnlyForDeploymentPostprocessing = 0;
		};
/* End PBXFrameworksBuildPhase section */

/* Begin PBXGroup section */
		004E15E8247552DE00D43E71 = {
			isa = PBXGroup;
			children = (
				004E15F3247552DF00D43E71 /* NavigationMenuTabs */,
				004E15F2247552DF00D43E71 /* Products */,
			);
			sourceTree = "<group>";
		};
		004E15F2247552DF00D43E71 /* Products */ = {
			isa = PBXGroup;
			children = (
				004E15F1247552DF00D43E71 /* NavigationMenuTabs.app */,
			);
			name = Products;
			sourceTree = "<group>";
		};
		004E15F3247552DF00D43E71 /* NavigationMenuTabs */ = {
			isa = PBXGroup;
			children = (
				004E1617247553F300D43E71 /* ViewControllers */,
				004E160E247553B100D43E71 /* Views */,
				004E160D247553AA00D43E71 /* Cells */,
				004E160C2475539F00D43E71 /* Utility */,
				004E160B2475539700D43E71 /* Protocols */,
				004E16082475532C00D43E71 /* Interface */,
				004E15F4247552DF00D43E71 /* AppDelegate.swift */,
				004E15F6247552DF00D43E71 /* SceneDelegate.swift */,
				004E15FD247552F600D43E71 /* Assets.xcassets */,
				004E15FF247552F600D43E71 /* LaunchScreen.storyboard */,
				004E1602247552F600D43E71 /* Info.plist */,
				004E16092475535D00D43E71 /* NavigationMenuVC.swift */,
			);
			path = NavigationMenuTabs;
			sourceTree = "<group>";
		};
		004E16082475532C00D43E71 /* Interface */ = {
			isa = PBXGroup;
			children = (
				004E15FA247552DF00D43E71 /* Main.storyboard */,
			);
			path = Interface;
			sourceTree = "<group>";
		};
		004E160B2475539700D43E71 /* Protocols */ = {
			isa = PBXGroup;
			children = (
				004E1611247553CF00D43E71 /* ReuseIdentifier.swift */,
			);
			path = Protocols;
			sourceTree = "<group>";
		};
		004E160C2475539F00D43E71 /* Utility */ = {
			isa = PBXGroup;
			children = (
				004E1613247553DB00D43E71 /* Utility.swift */,
			);
			path = Utility;
			sourceTree = "<group>";
		};
		004E160D247553AA00D43E71 /* Cells */ = {
			isa = PBXGroup;
			children = (
				004E1615247553EA00D43E71 /* BasicCollectionViewCell.swift */,
			);
			path = Cells;
			sourceTree = "<group>";
		};
		004E160E247553B100D43E71 /* Views */ = {
			isa = PBXGroup;
			children = (
				004E160F247553C100D43E71 /* MenuBarTabsView.swift */,
			);
			path = Views;
			sourceTree = "<group>";
		};
		004E1617247553F300D43E71 /* ViewControllers */ = {
			isa = PBXGroup;
			children = (
				004E16182475540100D43E71 /* NavMenuPageControllerVC.swift */,
				004E161A2475540B00D43E71 /* NavMenuContentVC.swift */,
			);
			path = ViewControllers;
			sourceTree = "<group>";
		};
/* End PBXGroup section */

/* Begin PBXNativeTarget section */
		004E15F0247552DF00D43E71 /* NavigationMenuTabs */ = {
			isa = PBXNativeTarget;
			buildConfigurationList = 004E1605247552F600D43E71 /* Build configuration list for PBXNativeTarget "NavigationMenuTabs" */;
			buildPhases = (
				004E15ED247552DF00D43E71 /* Sources */,
				004E15EE247552DF00D43E71 /* Frameworks */,
				004E15EF247552DF00D43E71 /* Resources */,
			);
			buildRules = (
			);
			dependencies = (
			);
			name = NavigationMenuTabs;
			productName = NavigationMenuTabs;
			productReference = 004E15F1247552DF00D43E71 /* NavigationMenuTabs.app */;
			productType = "com.apple.product-type.application";
		};
/* End PBXNativeTarget section */

/* Begin PBXProject section */
		004E15E9247552DE00D43E71 /* Project object */ = {
			isa = PBXProject;
			attributes = {
				LastSwiftUpdateCheck = 1140;
				LastUpgradeCheck = 1140;
				ORGANIZATIONNAME = "Resham gurung";
				TargetAttributes = {
					004E15F0247552DF00D43E71 = {
						CreatedOnToolsVersion = 11.4;
					};
				};
			};
			buildConfigurationList = 004E15EC247552DE00D43E71 /* Build configuration list for PBXProject "NavigationMenuTabs" */;
			compatibilityVersion = "Xcode 9.3";
			developmentRegion = en;
			hasScannedForEncodings = 0;
			knownRegions = (
				en,
				Base,
			);
			mainGroup = 004E15E8247552DE00D43E71;
			productRefGroup = 004E15F2247552DF00D43E71 /* Products */;
			projectDirPath = "";
			projectRoot = "";
			targets = (
				004E15F0247552DF00D43E71 /* NavigationMenuTabs */,
			);
		};
/* End PBXProject section */

/* Begin PBXResourcesBuildPhase section */
		004E15EF247552DF00D43E71 /* Resources */ = {
			isa = PBXResourcesBuildPhase;
			buildActionMask = 2147483647;
			files = (
				004E1601247552F600D43E71 /* LaunchScreen.storyboard in Resources */,
				004E15FE247552F600D43E71 /* Assets.xcassets in Resources */,
				004E15FC247552DF00D43E71 /* Main.storyboard in Resources */,
			);
			runOnlyForDeploymentPostprocessing = 0;
		};
/* End PBXResourcesBuildPhase section */

/* Begin PBXSourcesBuildPhase section */
		004E15ED247552DF00D43E71 /* Sources */ = {
			isa = PBXSourcesBuildPhase;
			buildActionMask = 2147483647;
			files = (
				004E1616247553EA00D43E71 /* BasicCollectionViewCell.swift in Sources */,
				004E160A2475535D00D43E71 /* NavigationMenuVC.swift in Sources */,
				004E15F5247552DF00D43E71 /* AppDelegate.swift in Sources */,
				004E161B2475540B00D43E71 /* NavMenuContentVC.swift in Sources */,
				004E1614247553DB00D43E71 /* Utility.swift in Sources */,
				004E16192475540100D43E71 /* NavMenuPageControllerVC.swift in Sources */,
				004E15F7247552DF00D43E71 /* SceneDelegate.swift in Sources */,
				004E1612247553CF00D43E71 /* ReuseIdentifier.swift in Sources */,
				004E1610247553C100D43E71 /* MenuBarTabsView.swift in Sources */,
			);
			runOnlyForDeploymentPostprocessing = 0;
		};
/* End PBXSourcesBuildPhase section */

/* Begin PBXVariantGroup section */
		004E15FA247552DF00D43E71 /* Main.storyboard */ = {
			isa = PBXVariantGroup;
			children = (
				004E15FB247552DF00D43E71 /* Base */,
			);
			name = Main.storyboard;
			sourceTree = "<group>";
		};
		004E15FF247552F600D43E71 /* LaunchScreen.storyboard */ = {
			isa = PBXVariantGroup;
			children = (
				004E1600247552F600D43E71 /* Base */,
			);
			name = LaunchScreen.storyboard;
			sourceTree = "<group>";
		};
/* End PBXVariantGroup section */

/* Begin XCBuildConfiguration section */
		004E1603247552F600D43E71 /* Debug */ = {
			isa = XCBuildConfiguration;
			buildSettings = {
				ALWAYS_SEARCH_USER_PATHS = NO;
				CLANG_ANALYZER_NONNULL = YES;
				CLANG_ANALYZER_NUMBER_OBJECT_CONVERSION = YES_AGGRESSIVE;
				CLANG_CXX_LANGUAGE_STANDARD = "gnu++14";
				CLANG_CXX_LIBRARY = "libc++";
				CLANG_ENABLE_MODULES = YES;
				CLANG_ENABLE_OBJC_ARC = YES;
				CLANG_ENABLE_OBJC_WEAK = YES;
				CLANG_WARN_BLOCK_CAPTURE_AUTORELEASING = YES;
				CLANG_WARN_BOOL_CONVERSION = YES;
				CLANG_WARN_COMMA = YES;
				CLANG_WARN_CONSTANT_CONVERSION = YES;
				CLANG_WARN_DEPRECATED_OBJC_IMPLEMENTATIONS = YES;
				CLANG_WARN_DIRECT_OBJC_ISA_USAGE = YES_ERROR;
				CLANG_WARN_DOCUMENTATION_COMMENTS = YES;
				CLANG_WARN_EMPTY_BODY = YES;
				CLANG_WARN_ENUM_CONVERSION = YES;
				CLANG_WARN_INFINITE_RECURSION = YES;
				CLANG_WARN_INT_CONVERSION = YES;
				CLANG_WARN_NON_LITERAL_NULL_CONVERSION = YES;
				CLANG_WARN_OBJC_IMPLICIT_RETAIN_SELF = YES;
				CLANG_WARN_OBJC_LITERAL_CONVERSION = YES;
				CLANG_WARN_OBJC_ROOT_CLASS = YES_ERROR;
				CLANG_WARN_RANGE_LOOP_ANALYSIS = YES;
				CLANG_WARN_STRICT_PROTOTYPES = YES;
				CLANG_WARN_SUSPICIOUS_MOVE = YES;
				CLANG_WARN_UNGUARDED_AVAILABILITY = YES_AGGRESSIVE;
				CLANG_WARN_UNREACHABLE_CODE = YES;
				CLANG_WARN__DUPLICATE_METHOD_MATCH = YES;
				COPY_PHASE_STRIP = NO;
				DEBUG_INFORMATION_FORMAT = dwarf;
				ENABLE_STRICT_OBJC_MSGSEND = YES;
				ENABLE_TESTABILITY = YES;
				GCC_C_LANGUAGE_STANDARD = gnu11;
				GCC_DYNAMIC_NO_PIC = NO;
				GCC_NO_COMMON_BLOCKS = YES;
				GCC_OPTIMIZATION_LEVEL = 0;
				GCC_PREPROCESSOR_DEFINITIONS = (
					"DEBUG=1",
					"$(inherited)",
				);
				GCC_WARN_64_TO_32_BIT_CONVERSION = YES;
				GCC_WARN_ABOUT_RETURN_TYPE = YES_ERROR;
				GCC_WARN_UNDECLARED_SELECTOR = YES;
				GCC_WARN_UNINITIALIZED_AUTOS = YES_AGGRESSIVE;
				GCC_WARN_UNUSED_FUNCTION = YES;
				GCC_WARN_UNUSED_VARIABLE = YES;
				IPHONEOS_DEPLOYMENT_TARGET = 13.4;
				MTL_ENABLE_DEBUG_INFO = INCLUDE_SOURCE;
				MTL_FAST_MATH = YES;
				ONLY_ACTIVE_ARCH = YES;
				SDKROOT = iphoneos;
				SWIFT_ACTIVE_COMPILATION_CONDITIONS = DEBUG;
				SWIFT_OPTIMIZATION_LEVEL = "-Onone";
			};
			name = Debug;
		};
		004E1604247552F600D43E71 /* Release */ = {
			isa = XCBuildConfiguration;
			buildSettings = {
				ALWAYS_SEARCH_USER_PATHS = NO;
				CLANG_ANALYZER_NONNULL = YES;
				CLANG_ANALYZER_NUMBER_OBJECT_CONVERSION = YES_AGGRESSIVE;
				CLANG_CXX_LANGUAGE_STANDARD = "gnu++14";
				CLANG_CXX_LIBRARY = "libc++";
				CLANG_ENABLE_MODULES = YES;
				CLANG_ENABLE_OBJC_ARC = YES;
				CLANG_ENABLE_OBJC_WEAK = YES;
				CLANG_WARN_BLOCK_CAPTURE_AUTORELEASING = YES;
				CLANG_WARN_BOOL_CONVERSION = YES;
				CLANG_WARN_COMMA = YES;
				CLANG_WARN_CONSTANT_CONVERSION = YES;
				CLANG_WARN_DEPRECATED_OBJC_IMPLEMENTATIONS = YES;
				CLANG_WARN_DIRECT_OBJC_ISA_USAGE = YES_ERROR;
				CLANG_WARN_DOCUMENTATION_COMMENTS = YES;
				CLANG_WARN_EMPTY_BODY = YES;
				CLANG_WARN_ENUM_CONVERSION = YES;
				CLANG_WARN_INFINITE_RECURSION = YES;
				CLANG_WARN_INT_CONVERSION = YES;
				CLANG_WARN_NON_LITERAL_NULL_CONVERSION = YES;
				CLANG_WARN_OBJC_IMPLICIT_RETAIN_SELF = YES;
				CLANG_WARN_OBJC_LITERAL_CONVERSION = YES;
				CLANG_WARN_OBJC_ROOT_CLASS = YES_ERROR;
				CLANG_WARN_RANGE_LOOP_ANALYSIS = YES;
				CLANG_WARN_STRICT_PROTOTYPES = YES;
				CLANG_WARN_SUSPICIOUS_MOVE = YES;
				CLANG_WARN_UNGUARDED_AVAILABILITY = YES_AGGRESSIVE;
				CLANG_WARN_UNREACHABLE_CODE = YES;
				CLANG_WARN__DUPLICATE_METHOD_MATCH = YES;
				COPY_PHASE_STRIP = NO;
				DEBUG_INFORMATION_FORMAT = "dwarf-with-dsym";
				ENABLE_NS_ASSERTIONS = NO;
				ENABLE_STRICT_OBJC_MSGSEND = YES;
				GCC_C_LANGUAGE_STANDARD = gnu11;
				GCC_NO_COMMON_BLOCKS = YES;
				GCC_WARN_64_TO_32_BIT_CONVERSION = YES;
				GCC_WARN_ABOUT_RETURN_TYPE = YES_ERROR;
				GCC_WARN_UNDECLARED_SELECTOR = YES;
				GCC_WARN_UNINITIALIZED_AUTOS = YES_AGGRESSIVE;
				GCC_WARN_UNUSED_FUNCTION = YES;
				GCC_WARN_UNUSED_VARIABLE = YES;
				IPHONEOS_DEPLOYMENT_TARGET = 13.4;
				MTL_ENABLE_DEBUG_INFO = NO;
				MTL_FAST_MATH = YES;
				SDKROOT = iphoneos;
				SWIFT_COMPILATION_MODE = wholemodule;
				SWIFT_OPTIMIZATION_LEVEL = "-O";
				VALIDATE_PRODUCT = YES;
			};
			name = Release;
		};
		004E1606247552F600D43E71 /* Debug */ = {
			isa = XCBuildConfiguration;
			buildSettings = {
				ASSETCATALOG_COMPILER_APPICON_NAME = AppIcon;
				CODE_SIGN_STYLE = Automatic;
				INFOPLIST_FILE = NavigationMenuTabs/Info.plist;
				IPHONEOS_DEPLOYMENT_TARGET = 13.0;
				LD_RUNPATH_SEARCH_PATHS = (
					"$(inherited)",
					"@executable_path/Frameworks",
				);
				PRODUCT_BUNDLE_IDENTIFIER = uk.co.navmenu.NavigationMenuTabs;
				PRODUCT_NAME = "$(TARGET_NAME)";
				SWIFT_VERSION = 5.0;
				TARGETED_DEVICE_FAMILY = "1,2";
			};
			name = Debug;
		};
		004E1607247552F600D43E71 /* Release */ = {
			isa = XCBuildConfiguration;
			buildSettings = {
				ASSETCATALOG_COMPILER_APPICON_NAME = AppIcon;
				CODE_SIGN_STYLE = Automatic;
				INFOPLIST_FILE = NavigationMenuTabs/Info.plist;
				IPHONEOS_DEPLOYMENT_TARGET = 13.0;
				LD_RUNPATH_SEARCH_PATHS = (
					"$(inherited)",
					"@executable_path/Frameworks",
				);
				PRODUCT_BUNDLE_IDENTIFIER = uk.co.navmenu.NavigationMenuTabs;
				PRODUCT_NAME = "$(TARGET_NAME)";
				SWIFT_VERSION = 5.0;
				TARGETED_DEVICE_FAMILY = "1,2";
			};
			name = Release;
		};
/* End XCBuildConfiguration section */

/* Begin XCConfigurationList section */
		004E15EC247552DE00D43E71 /* Build configuration list for PBXProject "NavigationMenuTabs" */ = {
			isa = XCConfigurationList;
			buildConfigurations = (
				004E1603247552F600D43E71 /* Debug */,
				004E1604247552F600D43E71 /* Release */,
			);
			defaultConfigurationIsVisible = 0;
			defaultConfigurationName = Release;
		};
		004E1605247552F600D43E71 /* Build configuration list for PBXNativeTarget "NavigationMenuTabs" */ = {
			isa = XCConfigurationList;
			buildConfigurations = (
				004E1606247552F600D43E71 /* Debug */,
				004E1607247552F600D43E71 /* Release */,
			);
			defaultConfigurationIsVisible = 0;
			defaultConfigurationName = Release;
		};
/* End XCConfigurationList section */
	};
	rootObject = 004E15E9247552DE00D43E71 /* Project object */;
}
